// !$*UTF8*$!
{
	archiveVersion = 1;
	classes = {
	};
	objectVersion = 51;
	objects = {

/* Begin PBXBuildFile section */
		5225DC72259CABA0003F262A /* Messages.swift in Sources */ = {isa = PBXBuildFile; fileRef = 5225DC71259CABA0003F262A /* Messages.swift */; };
		5225DC76259CABDB003F262A /* Message.swift in Sources */ = {isa = PBXBuildFile; fileRef = 5225DC75259CABDB003F262A /* Message.swift */; };
		5225DC7A259CAC75003F262A /* Chats.swift in Sources */ = {isa = PBXBuildFile; fileRef = 5225DC79259CAC75003F262A /* Chats.swift */; };
		5225DC7D259CACAF003F262A /* Chat.swift in Sources */ = {isa = PBXBuildFile; fileRef = 5225DC7C259CACAF003F262A /* Chat.swift */; };
		5225DC84259CB397003F262A /* Users.swift in Sources */ = {isa = PBXBuildFile; fileRef = 5225DC83259CB397003F262A /* Users.swift */; };
		5225DC89259CB73F003F262A /* User.swift in Sources */ = {isa = PBXBuildFile; fileRef = 5225DC88259CB73F003F262A /* User.swift */; };
		52C1169B23962A4800ABD189 /* AppDelegate.swift in Sources */ = {isa = PBXBuildFile; fileRef = 52C1169A23962A4800ABD189 /* AppDelegate.swift */; };
		52C1169D23962A4800ABD189 /* SceneDelegate.swift in Sources */ = {isa = PBXBuildFile; fileRef = 52C1169C23962A4800ABD189 /* SceneDelegate.swift */; };
		52C1169F23962A4800ABD189 /* RootView.swift in Sources */ = {isa = PBXBuildFile; fileRef = 52C1169E23962A4800ABD189 /* RootView.swift */; };
		52C116A123962A4900ABD189 /* Assets.xcassets in Resources */ = {isa = PBXBuildFile; fileRef = 52C116A023962A4900ABD189 /* Assets.xcassets */; };
		52C116A423962A4900ABD189 /* Preview Assets.xcassets in Resources */ = {isa = PBXBuildFile; fileRef = 52C116A323962A4900ABD189 /* Preview Assets.xcassets */; };
		52C116A723962A4900ABD189 /* LaunchScreen.storyboard in Resources */ = {isa = PBXBuildFile; fileRef = 52C116A523962A4900ABD189 /* LaunchScreen.storyboard */; };
		52C116AF23962A5C00ABD189 /* GoogleService-Info.plist in Resources */ = {isa = PBXBuildFile; fileRef = 52C116AE23962A5C00ABD189 /* GoogleService-Info.plist */; };
		52D85A67249BB9490073D0AE /* MessagesView.swift in Sources */ = {isa = PBXBuildFile; fileRef = 52D85A66249BB9490073D0AE /* MessagesView.swift */; };
		52F28F982494F19D00100E04 /* ChatsView.swift in Sources */ = {isa = PBXBuildFile; fileRef = 52F28F972494F19D00100E04 /* ChatsView.swift */; };
		52F28F9A2494F1BD00100E04 /* UsersView.swift in Sources */ = {isa = PBXBuildFile; fileRef = 52F28F992494F1BD00100E04 /* UsersView.swift */; };
		52F28F9C2494F1D700100E04 /* HomeView.swift in Sources */ = {isa = PBXBuildFile; fileRef = 52F28F9B2494F1D700100E04 /* HomeView.swift */; };
		52F28F9E2494F20D00100E04 /* AuthView.swift in Sources */ = {isa = PBXBuildFile; fileRef = 52F28F9D2494F20D00100E04 /* AuthView.swift */; };
		52F28FA22494F82E00100E04 /* ProfileView.swift in Sources */ = {isa = PBXBuildFile; fileRef = 52F28FA12494F82E00100E04 /* ProfileView.swift */; };
		BA98AE6A40BB7986933D650F /* libPods-TestApp.a in Frameworks */ = {isa = PBXBuildFile; fileRef = FAE8EFD23BB8BAC9A579FF81 /* libPods-TestApp.a */; };
/* End PBXBuildFile section */

/* Begin PBXFileReference section */
		414439F95FE3E20F04299A10 /* Pods-TestApp.release.xcconfig */ = {isa = PBXFileReference; includeInIndex = 1; lastKnownFileType = text.xcconfig; name = "Pods-TestApp.release.xcconfig"; path = "Target Support Files/Pods-TestApp/Pods-TestApp.release.xcconfig"; sourceTree = "<group>"; };
		5225DC71259CABA0003F262A /* Messages.swift */ = {isa = PBXFileReference; lastKnownFileType = sourcecode.swift; path = Messages.swift; sourceTree = "<group>"; };
		5225DC75259CABDB003F262A /* Message.swift */ = {isa = PBXFileReference; lastKnownFileType = sourcecode.swift; path = Message.swift; sourceTree = "<group>"; };
		5225DC79259CAC75003F262A /* Chats.swift */ = {isa = PBXFileReference; lastKnownFileType = sourcecode.swift; path = Chats.swift; sourceTree = "<group>"; };
		5225DC7C259CACAF003F262A /* Chat.swift */ = {isa = PBXFileReference; lastKnownFileType = sourcecode.swift; path = Chat.swift; sourceTree = "<group>"; };
		5225DC83259CB397003F262A /* Users.swift */ = {isa = PBXFileReference; lastKnownFileType = sourcecode.swift; path = Users.swift; sourceTree = "<group>"; };
		5225DC88259CB73F003F262A /* User.swift */ = {isa = PBXFileReference; lastKnownFileType = sourcecode.swift; path = User.swift; sourceTree = "<group>"; };
		52C1169723962A4800ABD189 /* TestApp.app */ = {isa = PBXFileReference; explicitFileType = wrapper.application; includeInIndex = 0; path = TestApp.app; sourceTree = BUILT_PRODUCTS_DIR; };
		52C1169A23962A4800ABD189 /* AppDelegate.swift */ = {isa = PBXFileReference; lastKnownFileType = sourcecode.swift; path = AppDelegate.swift; sourceTree = "<group>"; };
		52C1169C23962A4800ABD189 /* SceneDelegate.swift */ = {isa = PBXFileReference; lastKnownFileType = sourcecode.swift; path = SceneDelegate.swift; sourceTree = "<group>"; };
		52C1169E23962A4800ABD189 /* RootView.swift */ = {isa = PBXFileReference; lastKnownFileType = sourcecode.swift; path = RootView.swift; sourceTree = "<group>"; };
		52C116A023962A4900ABD189 /* Assets.xcassets */ = {isa = PBXFileReference; lastKnownFileType = folder.assetcatalog; path = Assets.xcassets; sourceTree = "<group>"; };
		52C116A323962A4900ABD189 /* Preview Assets.xcassets */ = {isa = PBXFileReference; lastKnownFileType = folder.assetcatalog; path = "Preview Assets.xcassets"; sourceTree = "<group>"; };
		52C116A623962A4900ABD189 /* Base */ = {isa = PBXFileReference; lastKnownFileType = file.storyboard; name = Base; path = Base.lproj/LaunchScreen.storyboard; sourceTree = "<group>"; };
		52C116A823962A4900ABD189 /* Info.plist */ = {isa = PBXFileReference; lastKnownFileType = text.plist.xml; path = Info.plist; sourceTree = "<group>"; };
		52C116AE23962A5C00ABD189 /* GoogleService-Info.plist */ = {isa = PBXFileReference; fileEncoding = 4; lastKnownFileType = text.plist.xml; name = "GoogleService-Info.plist"; path = "../../../Downloads/GoogleService-Info.plist"; sourceTree = "<group>"; };
		52D85A66249BB9490073D0AE /* MessagesView.swift */ = {isa = PBXFileReference; lastKnownFileType = sourcecode.swift; path = MessagesView.swift; sourceTree = "<group>"; };
		52F28F972494F19D00100E04 /* ChatsView.swift */ = {isa = PBXFileReference; lastKnownFileType = sourcecode.swift; path = ChatsView.swift; sourceTree = "<group>"; };
		52F28F992494F1BD00100E04 /* UsersView.swift */ = {isa = PBXFileReference; lastKnownFileType = sourcecode.swift; path = UsersView.swift; sourceTree = "<group>"; };
		52F28F9B2494F1D700100E04 /* HomeView.swift */ = {isa = PBXFileReference; lastKnownFileType = sourcecode.swift; path = HomeView.swift; sourceTree = "<group>"; };
		52F28F9D2494F20D00100E04 /* AuthView.swift */ = {isa = PBXFileReference; lastKnownFileType = sourcecode.swift; path = AuthView.swift; sourceTree = "<group>"; };
		52F28FA12494F82E00100E04 /* ProfileView.swift */ = {isa = PBXFileReference; lastKnownFileType = sourcecode.swift; path = ProfileView.swift; sourceTree = "<group>"; };
		89B34BEE8FF599D8A048DE1D /* Pods-TestApp.debug.xcconfig */ = {isa = PBXFileReference; includeInIndex = 1; lastKnownFileType = text.xcconfig; name = "Pods-TestApp.debug.xcconfig"; path = "Target Support Files/Pods-TestApp/Pods-TestApp.debug.xcconfig"; sourceTree = "<group>"; };
		FAE8EFD23BB8BAC9A579FF81 /* libPods-TestApp.a */ = {isa = PBXFileReference; explicitFileType = archive.ar; includeInIndex = 0; path = "libPods-TestApp.a"; sourceTree = BUILT_PRODUCTS_DIR; };
/* End PBXFileReference section */

/* Begin PBXFrameworksBuildPhase section */
		52C1169423962A4800ABD189 /* Frameworks */ = {
			isa = PBXFrameworksBuildPhase;
			buildActionMask = 2147483647;
			files = (
				BA98AE6A40BB7986933D650F /* libPods-TestApp.a in Frameworks */,
			);
			runOnlyForDeploymentPostprocessing = 0;
		};
/* End PBXFrameworksBuildPhase section */

/* Begin PBXGroup section */
		02E1B4AFD5C82205B81AE2E1 /* Pods */ = {
			isa = PBXGroup;
			children = (
				89B34BEE8FF599D8A048DE1D /* Pods-TestApp.debug.xcconfig */,
				414439F95FE3E20F04299A10 /* Pods-TestApp.release.xcconfig */,
			);
			path = Pods;
			sourceTree = "<group>";
		};
		5225DC6F259CAAC0003F262A /* Messages */ = {
			isa = PBXGroup;
			children = (
				52D85A66249BB9490073D0AE /* MessagesView.swift */,
				5225DC71259CABA0003F262A /* Messages.swift */,
				5225DC75259CABDB003F262A /* Message.swift */,
			);
			path = Messages;
			sourceTree = "<group>";
		};
		5225DC70259CAACA003F262A /* Chats */ = {
			isa = PBXGroup;
			children = (
				52F28F972494F19D00100E04 /* ChatsView.swift */,
				5225DC79259CAC75003F262A /* Chats.swift */,
				5225DC7C259CACAF003F262A /* Chat.swift */,
			);
			path = Chats;
			sourceTree = "<group>";
		};
		5225DC81259CAF5B003F262A /* Profile */ = {
			isa = PBXGroup;
			children = (
				52F28FA12494F82E00100E04 /* ProfileView.swift */,
			);
			path = Profile;
			sourceTree = "<group>";
		};
		52C1168E23962A4800ABD189 = {
			isa = PBXGroup;
			children = (
				52C1169923962A4800ABD189 /* TestApp */,
				52C1169823962A4800ABD189 /* Products */,
				02E1B4AFD5C82205B81AE2E1 /* Pods */,
				9EDA284920DCEAA45E3F5A63 /* Frameworks */,
			);
			sourceTree = "<group>";
		};
		52C1169823962A4800ABD189 /* Products */ = {
			isa = PBXGroup;
			children = (
				52C1169723962A4800ABD189 /* TestApp.app */,
			);
			name = Products;
			sourceTree = "<group>";
		};
		52C1169923962A4800ABD189 /* TestApp */ = {
			isa = PBXGroup;
			children = (
				52F28F932494EFC500100E04 /* Views */,
				52C1169A23962A4800ABD189 /* AppDelegate.swift */,
				52C1169C23962A4800ABD189 /* SceneDelegate.swift */,
				52C1169E23962A4800ABD189 /* RootView.swift */,
				52C116A023962A4900ABD189 /* Assets.xcassets */,
				52C116A523962A4900ABD189 /* LaunchScreen.storyboard */,
				52C116A823962A4900ABD189 /* Info.plist */,
				52C116AE23962A5C00ABD189 /* GoogleService-Info.plist */,
				52C116A223962A4900ABD189 /* Preview Content */,
			);
			path = TestApp;
			sourceTree = "<group>";
		};
		52C116A223962A4900ABD189 /* Preview Content */ = {
			isa = PBXGroup;
			children = (
				52C116A323962A4900ABD189 /* Preview Assets.xcassets */,
			);
			path = "Preview Content";
			sourceTree = "<group>";
		};
		52DD27F92496312B007FB6DA /* Chat */ = {
			isa = PBXGroup;
			children = (
				5225DC70259CAACA003F262A /* Chats */,
				5225DC6F259CAAC0003F262A /* Messages */,
			);
			path = Chat;
			sourceTree = "<group>";
		};
		52F28F932494EFC500100E04 /* Views */ = {
			isa = PBXGroup;
			children = (
				5225DC81259CAF5B003F262A /* Profile */,
				52DD27F92496312B007FB6DA /* Chat */,
				52F28FA02494F65200100E04 /* Users */,
				52F28F9F2494F3FF00100E04 /* Home */,
				52F28F9D2494F20D00100E04 /* AuthView.swift */,
			);
			path = Views;
			sourceTree = "<group>";
		};
		52F28F9F2494F3FF00100E04 /* Home */ = {
			isa = PBXGroup;
			children = (
				52F28F9B2494F1D700100E04 /* HomeView.swift */,
			);
			path = Home;
			sourceTree = "<group>";
		};
		52F28FA02494F65200100E04 /* Users */ = {
			isa = PBXGroup;
			children = (
				52F28F992494F1BD00100E04 /* UsersView.swift */,
				5225DC83259CB397003F262A /* Users.swift */,
				5225DC88259CB73F003F262A /* User.swift */,
			);
			path = Users;
			sourceTree = "<group>";
		};
		9EDA284920DCEAA45E3F5A63 /* Frameworks */ = {
			isa = PBXGroup;
			children = (
				FAE8EFD23BB8BAC9A579FF81 /* libPods-TestApp.a */,
			);
			name = Frameworks;
			sourceTree = "<group>";
		};
/* End PBXGroup section */

/* Begin PBXNativeTarget section */
		52C1169623962A4800ABD189 /* TestApp */ = {
			isa = PBXNativeTarget;
			buildConfigurationList = 52C116AB23962A4900ABD189 /* Build configuration list for PBXNativeTarget "TestApp" */;
			buildPhases = (
				8FE2BACDA9CC464C21ED5650 /* [CP] Check Pods Manifest.lock */,
				52C1169323962A4800ABD189 /* Sources */,
				52C1169423962A4800ABD189 /* Frameworks */,
				52C1169523962A4800ABD189 /* Resources */,
				7709791BDF9D1CFF3348EA48 /* [CP] Copy Pods Resources */,
			);
			buildRules = (
			);
			dependencies = (
			);
			name = TestApp;
			productName = TestApp;
			productReference = 52C1169723962A4800ABD189 /* TestApp.app */;
			productType = "com.apple.product-type.application";
		};
/* End PBXNativeTarget section */

/* Begin PBXProject section */
		52C1168F23962A4800ABD189 /* Project object */ = {
			isa = PBXProject;
			attributes = {
				LastSwiftUpdateCheck = 1120;
				LastUpgradeCheck = 1120;
				ORGANIZATIONNAME = "Lica Sorin";
				TargetAttributes = {
					52C1169623962A4800ABD189 = {
						CreatedOnToolsVersion = 11.2.1;
					};
				};
			};
			buildConfigurationList = 52C1169223962A4800ABD189 /* Build configuration list for PBXProject "TestApp" */;
			compatibilityVersion = "Xcode 9.3";
			developmentRegion = en;
			hasScannedForEncodings = 0;
			knownRegions = (
				en,
				Base,
			);
			mainGroup = 52C1168E23962A4800ABD189;
			productRefGroup = 52C1169823962A4800ABD189 /* Products */;
			projectDirPath = "";
			projectRoot = "";
			targets = (
				52C1169623962A4800ABD189 /* TestApp */,
			);
		};
/* End PBXProject section */

/* Begin PBXResourcesBuildPhase section */
		52C1169523962A4800ABD189 /* Resources */ = {
			isa = PBXResourcesBuildPhase;
			buildActionMask = 2147483647;
			files = (
				52C116A723962A4900ABD189 /* LaunchScreen.storyboard in Resources */,
				52C116AF23962A5C00ABD189 /* GoogleService-Info.plist in Resources */,
				52C116A423962A4900ABD189 /* Preview Assets.xcassets in Resources */,
				52C116A123962A4900ABD189 /* Assets.xcassets in Resources */,
			);
			runOnlyForDeploymentPostprocessing = 0;
		};
/* End PBXResourcesBuildPhase section */

/* Begin PBXShellScriptBuildPhase section */
		7709791BDF9D1CFF3348EA48 /* [CP] Copy Pods Resources */ = {
			isa = PBXShellScriptBuildPhase;
			buildActionMask = 2147483647;
			files = (
			);
			inputFileListPaths = (
				"${PODS_ROOT}/Target Support Files/Pods-TestApp/Pods-TestApp-resources-${CONFIGURATION}-input-files.xcfilelist",
			);
			name = "[CP] Copy Pods Resources";
			outputFileListPaths = (
				"${PODS_ROOT}/Target Support Files/Pods-TestApp/Pods-TestApp-resources-${CONFIGURATION}-output-files.xcfilelist",
			);
			runOnlyForDeploymentPostprocessing = 0;
			shellPath = /bin/sh;
			shellScript = "\"${PODS_ROOT}/Target Support Files/Pods-TestApp/Pods-TestApp-resources.sh\"\n";
			showEnvVarsInLog = 0;
		};
		8FE2BACDA9CC464C21ED5650 /* [CP] Check Pods Manifest.lock */ = {
			isa = PBXShellScriptBuildPhase;
			buildActionMask = 2147483647;
			files = (
			);
			inputFileListPaths = (
			);
			inputPaths = (
				"${PODS_PODFILE_DIR_PATH}/Podfile.lock",
				"${PODS_ROOT}/Manifest.lock",
			);
			name = "[CP] Check Pods Manifest.lock";
			outputFileListPaths = (
			);
			outputPaths = (
				"$(DERIVED_FILE_DIR)/Pods-TestApp-checkManifestLockResult.txt",
			);
			runOnlyForDeploymentPostprocessing = 0;
			shellPath = /bin/sh;
			shellScript = "diff \"${PODS_PODFILE_DIR_PATH}/Podfile.lock\" \"${PODS_ROOT}/Manifest.lock\" > /dev/null\nif [ $? != 0 ] ; then\n    # print error to STDERR\n    echo \"error: The sandbox is not in sync with the Podfile.lock. Run 'pod install' or update your CocoaPods installation.\" >&2\n    exit 1\nfi\n# This output is used by Xcode 'outputs' to avoid re-running this script phase.\necho \"SUCCESS\" > \"${SCRIPT_OUTPUT_FILE_0}\"\n";
			showEnvVarsInLog = 0;
		};
/* End PBXShellScriptBuildPhase section */

/* Begin PBXSourcesBuildPhase section */
		52C1169323962A4800ABD189 /* Sources */ = {
			isa = PBXSourcesBuildPhase;
			buildActionMask = 2147483647;
			files = (
				52D85A67249BB9490073D0AE /* MessagesView.swift in Sources */,
				52F28F982494F19D00100E04 /* ChatsView.swift in Sources */,
				52F28F9C2494F1D700100E04 /* HomeView.swift in Sources */,
				52F28F9A2494F1BD00100E04 /* UsersView.swift in Sources */,
				5225DC89259CB73F003F262A /* User.swift in Sources */,
				5225DC7A259CAC75003F262A /* Chats.swift in Sources */,
				52C1169B23962A4800ABD189 /* AppDelegate.swift in Sources */,
				5225DC84259CB397003F262A /* Users.swift in Sources */,
				5225DC72259CABA0003F262A /* Messages.swift in Sources */,
				52C1169D23962A4800ABD189 /* SceneDelegate.swift in Sources */,
				5225DC7D259CACAF003F262A /* Chat.swift in Sources */,
				52F28F9E2494F20D00100E04 /* AuthView.swift in Sources */,
				5225DC76259CABDB003F262A /* Message.swift in Sources */,
				52F28FA22494F82E00100E04 /* ProfileView.swift in Sources */,
				52C1169F23962A4800ABD189 /* RootView.swift in Sources */,
			);
			runOnlyForDeploymentPostprocessing = 0;
		};
/* End PBXSourcesBuildPhase section */

/* Begin PBXVariantGroup section */
		52C116A523962A4900ABD189 /* LaunchScreen.storyboard */ = {
			isa = PBXVariantGroup;
			children = (
				52C116A623962A4900ABD189 /* Base */,
			);
			name = LaunchScreen.storyboard;
			sourceTree = "<group>";
		};
/* End PBXVariantGroup section */

/* Begin XCBuildConfiguration section */
		52C116A923962A4900ABD189 /* Debug */ = {
			isa = XCBuildConfiguration;
			buildSettings = {
				ALWAYS_SEARCH_USER_PATHS = NO;
				CLANG_ANALYZER_NONNULL = YES;
				CLANG_ANALYZER_NUMBER_OBJECT_CONVERSION = YES_AGGRESSIVE;
				CLANG_CXX_LANGUAGE_STANDARD = "gnu++14";
				CLANG_CXX_LIBRARY = "libc++";
				CLANG_ENABLE_MODULES = YES;
				CLANG_ENABLE_OBJC_ARC = YES;
				CLANG_ENABLE_OBJC_WEAK = YES;
				CLANG_WARN_BLOCK_CAPTURE_AUTORELEASING = YES;
				CLANG_WARN_BOOL_CONVERSION = YES;
				CLANG_WARN_COMMA = YES;
				CLANG_WARN_CONSTANT_CONVERSION = YES;
				CLANG_WARN_DEPRECATED_OBJC_IMPLEMENTATIONS = YES;
				CLANG_WARN_DIRECT_OBJC_ISA_USAGE = YES_ERROR;
				CLANG_WARN_DOCUMENTATION_COMMENTS = YES;
				CLANG_WARN_EMPTY_BODY = YES;
				CLANG_WARN_ENUM_CONVERSION = YES;
				CLANG_WARN_INFINITE_RECURSION = YES;
				CLANG_WARN_INT_CONVERSION = YES;
				CLANG_WARN_NON_LITERAL_NULL_CONVERSION = YES;
				CLANG_WARN_OBJC_IMPLICIT_RETAIN_SELF = YES;
				CLANG_WARN_OBJC_LITERAL_CONVERSION = YES;
				CLANG_WARN_OBJC_ROOT_CLASS = YES_ERROR;
				CLANG_WARN_RANGE_LOOP_ANALYSIS = YES;
				CLANG_WARN_STRICT_PROTOTYPES = YES;
				CLANG_WARN_SUSPICIOUS_MOVE = YES;
				CLANG_WARN_UNGUARDED_AVAILABILITY = YES_AGGRESSIVE;
				CLANG_WARN_UNREACHABLE_CODE = YES;
				CLANG_WARN__DUPLICATE_METHOD_MATCH = YES;
				COPY_PHASE_STRIP = NO;
				DEBUG_INFORMATION_FORMAT = dwarf;
				ENABLE_STRICT_OBJC_MSGSEND = YES;
				ENABLE_TESTABILITY = YES;
				GCC_C_LANGUAGE_STANDARD = gnu11;
				GCC_DYNAMIC_NO_PIC = NO;
				GCC_NO_COMMON_BLOCKS = YES;
				GCC_OPTIMIZATION_LEVEL = 0;
				GCC_PREPROCESSOR_DEFINITIONS = (
					"DEBUG=1",
					"$(inherited)",
				);
				GCC_WARN_64_TO_32_BIT_CONVERSION = YES;
				GCC_WARN_ABOUT_RETURN_TYPE = YES_ERROR;
				GCC_WARN_UNDECLARED_SELECTOR = YES;
				GCC_WARN_UNINITIALIZED_AUTOS = YES_AGGRESSIVE;
				GCC_WARN_UNUSED_FUNCTION = YES;
				GCC_WARN_UNUSED_VARIABLE = YES;
				IPHONEOS_DEPLOYMENT_TARGET = 14.1;
				MTL_ENABLE_DEBUG_INFO = INCLUDE_SOURCE;
				MTL_FAST_MATH = YES;
				ONLY_ACTIVE_ARCH = YES;
				SDKROOT = iphoneos;
				SWIFT_ACTIVE_COMPILATION_CONDITIONS = DEBUG;
				SWIFT_OPTIMIZATION_LEVEL = "-Onone";
			};
			name = Debug;
		};
		52C116AA23962A4900ABD189 /* Release */ = {
			isa = XCBuildConfiguration;
			buildSettings = {
				ALWAYS_SEARCH_USER_PATHS = NO;
				CLANG_ANALYZER_NONNULL = YES;
				CLANG_ANALYZER_NUMBER_OBJECT_CONVERSION = YES_AGGRESSIVE;
				CLANG_CXX_LANGUAGE_STANDARD = "gnu++14";
				CLANG_CXX_LIBRARY = "libc++";
				CLANG_ENABLE_MODULES = YES;
				CLANG_ENABLE_OBJC_ARC = YES;
				CLANG_ENABLE_OBJC_WEAK = YES;
				CLANG_WARN_BLOCK_CAPTURE_AUTORELEASING = YES;
				CLANG_WARN_BOOL_CONVERSION = YES;
				CLANG_WARN_COMMA = YES;
				CLANG_WARN_CONSTANT_CONVERSION = YES;
				CLANG_WARN_DEPRECATED_OBJC_IMPLEMENTATIONS = YES;
				CLANG_WARN_DIRECT_OBJC_ISA_USAGE = YES_ERROR;
				CLANG_WARN_DOCUMENTATION_COMMENTS = YES;
				CLANG_WARN_EMPTY_BODY = YES;
				CLANG_WARN_ENUM_CONVERSION = YES;
				CLANG_WARN_INFINITE_RECURSION = YES;
				CLANG_WARN_INT_CONVERSION = YES;
				CLANG_WARN_NON_LITERAL_NULL_CONVERSION = YES;
				CLANG_WARN_OBJC_IMPLICIT_RETAIN_SELF = YES;
				CLANG_WARN_OBJC_LITERAL_CONVERSION = YES;
				CLANG_WARN_OBJC_ROOT_CLASS = YES_ERROR;
				CLANG_WARN_RANGE_LOOP_ANALYSIS = YES;
				CLANG_WARN_STRICT_PROTOTYPES = YES;
				CLANG_WARN_SUSPICIOUS_MOVE = YES;
				CLANG_WARN_UNGUARDED_AVAILABILITY = YES_AGGRESSIVE;
				CLANG_WARN_UNREACHABLE_CODE = YES;
				CLANG_WARN__DUPLICATE_METHOD_MATCH = YES;
				COPY_PHASE_STRIP = NO;
				DEBUG_INFORMATION_FORMAT = "dwarf-with-dsym";
				ENABLE_NS_ASSERTIONS = NO;
				ENABLE_STRICT_OBJC_MSGSEND = YES;
				GCC_C_LANGUAGE_STANDARD = gnu11;
				GCC_NO_COMMON_BLOCKS = YES;
				GCC_WARN_64_TO_32_BIT_CONVERSION = YES;
				GCC_WARN_ABOUT_RETURN_TYPE = YES_ERROR;
				GCC_WARN_UNDECLARED_SELECTOR = YES;
				GCC_WARN_UNINITIALIZED_AUTOS = YES_AGGRESSIVE;
				GCC_WARN_UNUSED_FUNCTION = YES;
				GCC_WARN_UNUSED_VARIABLE = YES;
				IPHONEOS_DEPLOYMENT_TARGET = 14.1;
				MTL_ENABLE_DEBUG_INFO = NO;
				MTL_FAST_MATH = YES;
				SDKROOT = iphoneos;
				SWIFT_COMPILATION_MODE = wholemodule;
				SWIFT_OPTIMIZATION_LEVEL = "-O";
				VALIDATE_PRODUCT = YES;
			};
			name = Release;
		};
		52C116AC23962A4900ABD189 /* Debug */ = {
			isa = XCBuildConfiguration;
			baseConfigurationReference = 89B34BEE8FF599D8A048DE1D /* Pods-TestApp.debug.xcconfig */;
			buildSettings = {
				ASSETCATALOG_COMPILER_APPICON_NAME = AppIcon;
				CODE_SIGN_STYLE = Automatic;
				DEVELOPMENT_ASSET_PATHS = "\"TestApp/Preview Content\"";
				DEVELOPMENT_TEAM = 5GX5QQB56U;
				ENABLE_PREVIEWS = YES;
				INFOPLIST_FILE = TestApp/Info.plist;
				IPHONEOS_DEPLOYMENT_TARGET = 13.2;
				LD_RUNPATH_SEARCH_PATHS = (
					"$(inherited)",
					"@executable_path/Frameworks",
				);
				PRODUCT_BUNDLE_IDENTIFIER = com.sorin.myTeacher;
				PRODUCT_NAME = "$(TARGET_NAME)";
				SWIFT_VERSION = 5.0;
				TARGETED_DEVICE_FAMILY = "1,2";
			};
			name = Debug;
		};
		52C116AD23962A4900ABD189 /* Release */ = {
			isa = XCBuildConfiguration;
			baseConfigurationReference = 414439F95FE3E20F04299A10 /* Pods-TestApp.release.xcconfig */;
			buildSettings = {
				ASSETCATALOG_COMPILER_APPICON_NAME = AppIcon;
				CODE_SIGN_STYLE = Automatic;
				DEVELOPMENT_ASSET_PATHS = "\"TestApp/Preview Content\"";
				DEVELOPMENT_TEAM = 5GX5QQB56U;
				ENABLE_PREVIEWS = YES;
				INFOPLIST_FILE = TestApp/Info.plist;
				IPHONEOS_DEPLOYMENT_TARGET = 13.2;
				LD_RUNPATH_SEARCH_PATHS = (
					"$(inherited)",
					"@executable_path/Frameworks",
				);
				PRODUCT_BUNDLE_IDENTIFIER = com.sorin.myTeacher;
				PRODUCT_NAME = "$(TARGET_NAME)";
				SWIFT_VERSION = 5.0;
				TARGETED_DEVICE_FAMILY = "1,2";
			};
			name = Release;
		};
/* End XCBuildConfiguration section */

/* Begin XCConfigurationList section */
		52C1169223962A4800ABD189 /* Build configuration list for PBXProject "TestApp" */ = {
			isa = XCConfigurationList;
			buildConfigurations = (
				52C116A923962A4900ABD189 /* Debug */,
				52C116AA23962A4900ABD189 /* Release */,
			);
			defaultConfigurationIsVisible = 0;
			defaultConfigurationName = Release;
		};
		52C116AB23962A4900ABD189 /* Build configuration list for PBXNativeTarget "TestApp" */ = {
			isa = XCConfigurationList;
			buildConfigurations = (
				52C116AC23962A4900ABD189 /* Debug */,
				52C116AD23962A4900ABD189 /* Release */,
			);
			defaultConfigurationIsVisible = 0;
			defaultConfigurationName = Release;
		};
/* End XCConfigurationList section */
	};
	rootObject = 52C1168F23962A4800ABD189 /* Project object */;
}
